
Microsoft Visual Studio Solution File, Format Version 12.00
# Visual Studio Version 16
VisualStudioVersion = 16.0.30907.101
MinimumVisualStudioVersion = 10.0.40219.1
Project("{9A19103F-16F7-4668-BE54-9A1E7A4F7556}") = "Lab06-OOP", "Lab-06-OOP\Lab06-OOP.csproj", "{AEA01ABA-5970-4398-A14E-7392B3984F55}"
EndProject
Project("{9A19103F-16F7-4668-BE54-9A1E7A4F7556}") = "XUnitTestProject1", "XUnitTestProject1\XUnitTestProject1.csproj", "{79926F0C-9B4E-4D8E-81E9-91445EE1F70F}"
EndProject
Global
	GlobalSection(SolutionConfigurationPlatforms) = preSolution
		Debug|Any CPU = Debug|Any CPU
		Release|Any CPU = Release|Any CPU
	EndGlobalSection
	GlobalSection(ProjectConfigurationPlatforms) = postSolution
		{AEA01ABA-5970-4398-A14E-7392B3984F55}.Debug|Any CPU.ActiveCfg = Debug|Any CPU
		{AEA01ABA-5970-4398-A14E-7392B3984F55}.Debug|Any CPU.Build.0 = Debug|Any CPU
		{AEA01ABA-5970-4398-A14E-7392B3984F55}.Release|Any CPU.ActiveCfg = Release|Any CPU
		{AEA01ABA-5970-4398-A14E-7392B3984F55}.Release|Any CPU.Build.0 = Release|Any CPU
		{79926F0C-9B4E-4D8E-81E9-91445EE1F70F}.Debug|Any CPU.ActiveCfg = Debug|Any CPU
		{79926F0C-9B4E-4D8E-81E9-91445EE1F70F}.Debug|Any CPU.Build.0 = Debug|Any CPU
		{79926F0C-9B4E-4D8E-81E9-91445EE1F70F}.Release|Any CPU.ActiveCfg = Release|Any CPU
		{79926F0C-9B4E-4D8E-81E9-91445EE1F70F}.Release|Any CPU.Build.0 = Release|Any CPU
	EndGlobalSection
	GlobalSection(SolutionProperties) = preSolution
		HideSolutionNode = FALSE
	EndGlobalSection
	GlobalSection(ExtensibilityGlobals) = postSolution
		SolutionGuid = {86759ADA-8509-41ED-9283-17611F50EAC8}
	EndGlobalSection
EndGlobal
